      "hasInstallScript": true,
        "patch-package": "^8.1.0-canary",
      "dev": true,
      "dev": true,
    "node_modules/fetch-blob/stubs/node-domexception": {},
      "dev": true,
      "resolved": "node_modules/fetch-blob/stubs/node-domexception",
      "link": true
      "devOptional": true,
      "version": "8.1.0-canary.1",
      "resolved": "https://registry.npmjs.org/patch-package/-/patch-package-8.1.0-canary.1.tgz",
      "integrity": "sha512-x/O3E5kvN1KS4yFbCITtIAB6kzXLVInT+tlpjsjuKob5Fi7f6quxeMfEsqGe/RScRSXyujNBMuMnV3T0G2PKNw==",
        "fs-extra": "^10.0.0",
      "version": "5.0.10",
      "resolved": "https://registry.npmjs.org/rimraf/-/rimraf-5.0.10.tgz",
      "integrity": "sha512-l0OE8wL34P4nJH/H2ffoaniAokM2qSmrtXHmlpvYr5AVVX8msAyW0l8NVJFDxlSK4u3Uh/f41cQheDVdnYijwQ==",
        "glob": "^10.3.7"
        "rimraf": "dist/esm/bin.mjs"
      "devOptional": true,
